// !$*UTF8*$!
{
	archiveVersion = 1;
	classes = {
	};
	objectVersion = 46;
	objects = {

/* Begin PBXBuildFile section */
		1F7E1B061965CF7D00D576D8 /* QuartzCore.framework in Frameworks */ = {isa = PBXBuildFile; fileRef = 1F7E1B051965CF7D00D576D8 /* QuartzCore.framework */; };
		1FA76AB2195893080075A8E4 /* Foundation.framework in Frameworks */ = {isa = PBXBuildFile; fileRef = 1FA76AB1195893080075A8E4 /* Foundation.framework */; };
		1FA76AB4195893080075A8E4 /* CoreGraphics.framework in Frameworks */ = {isa = PBXBuildFile; fileRef = 1FA76AB3195893080075A8E4 /* CoreGraphics.framework */; };
		1FA76AB6195893080075A8E4 /* UIKit.framework in Frameworks */ = {isa = PBXBuildFile; fileRef = 1FA76AB5195893080075A8E4 /* UIKit.framework */; };
		1FA76ABC195893080075A8E4 /* InfoPlist.strings in Resources */ = {isa = PBXBuildFile; fileRef = 1FA76ABA195893080075A8E4 /* InfoPlist.strings */; };
		1FA76ABE195893080075A8E4 /* main.m in Sources */ = {isa = PBXBuildFile; fileRef = 1FA76ABD195893080075A8E4 /* main.m */; };
		1FA76AC2195893080075A8E4 /* AppDelegate.m in Sources */ = {isa = PBXBuildFile; fileRef = 1FA76AC1195893080075A8E4 /* AppDelegate.m */; };
		1FA76ACB195893080075A8E4 /* ViewController.m in Sources */ = {isa = PBXBuildFile; fileRef = 1FA76ACA195893080075A8E4 /* ViewController.m */; };
		1FA76ACD195893080075A8E4 /* Images.xcassets in Resources */ = {isa = PBXBuildFile; fileRef = 1FA76ACC195893080075A8E4 /* Images.xcassets */; };
		1FA76AD4195893080075A8E4 /* XCTest.framework in Frameworks */ = {isa = PBXBuildFile; fileRef = 1FA76AD3195893080075A8E4 /* XCTest.framework */; };
		1FA76AD5195893080075A8E4 /* Foundation.framework in Frameworks */ = {isa = PBXBuildFile; fileRef = 1FA76AB1195893080075A8E4 /* Foundation.framework */; };
		1FA76AD6195893080075A8E4 /* UIKit.framework in Frameworks */ = {isa = PBXBuildFile; fileRef = 1FA76AB5195893080075A8E4 /* UIKit.framework */; };
		1FA76ADE195893080075A8E4 /* InfoPlist.strings in Resources */ = {isa = PBXBuildFile; fileRef = 1FA76ADC195893080075A8E4 /* InfoPlist.strings */; };
		1FA76AE0195893080075A8E4 /* KLCPopupExampleTests.m in Sources */ = {isa = PBXBuildFile; fileRef = 1FA76ADF195893080075A8E4 /* KLCPopupExampleTests.m */; };
		1FA76AF01958A2130075A8E4 /* KLCPopup.m in Sources */ = {isa = PBXBuildFile; fileRef = 1FA76AEF1958A2130075A8E4 /* KLCPopup.m */; };
/* End PBXBuildFile section */

/* Begin PBXContainerItemProxy section */
		1FA76AD7195893080075A8E4 /* PBXContainerItemProxy */ = {
			isa = PBXContainerItemProxy;
			containerPortal = 1FA76AA6195893080075A8E4 /* Project object */;
			proxyType = 1;
			remoteGlobalIDString = 1FA76AAD195893080075A8E4;
			remoteInfo = KLCPopupExample;
		};
/* End PBXContainerItemProxy section */

/* Begin PBXFileReference section */
		1F7E1B051965CF7D00D576D8 /* QuartzCore.framework */ = {isa = PBXFileReference; lastKnownFileType = wrapper.framework; name = QuartzCore.framework; path = System/Library/Frameworks/QuartzCore.framework; sourceTree = SDKROOT; };
		1FA76AAE195893080075A8E4 /* KLCPopupExample.app */ = {isa = PBXFileReference; explicitFileType = wrapper.application; includeInIndex = 0; path = KLCPopupExample.app; sourceTree = BUILT_PRODUCTS_DIR; };
		1FA76AB1195893080075A8E4 /* Foundation.framework */ = {isa = PBXFileReference; lastKnownFileType = wrapper.framework; name = Foundation.framework; path = System/Library/Frameworks/Foundation.framework; sourceTree = SDKROOT; };
		1FA76AB3195893080075A8E4 /* CoreGraphics.framework */ = {isa = PBXFileReference; lastKnownFileType = wrapper.framework; name = CoreGraphics.framework; path = System/Library/Frameworks/CoreGraphics.framework; sourceTree = SDKROOT; };
		1FA76AB5195893080075A8E4 /* UIKit.framework */ = {isa = PBXFileReference; lastKnownFileType = wrapper.framework; name = UIKit.framework; path = System/Library/Frameworks/UIKit.framework; sourceTree = SDKROOT; };
		1FA76AB9195893080075A8E4 /* KLCPopupExample-Info.plist */ = {isa = PBXFileReference; lastKnownFileType = text.plist.xml; path = "KLCPopupExample-Info.plist"; sourceTree = "<group>"; };
		1FA76ABB195893080075A8E4 /* en */ = {isa = PBXFileReference; lastKnownFileType = text.plist.strings; name = en; path = en.lproj/InfoPlist.strings; sourceTree = "<group>"; };
		1FA76ABD195893080075A8E4 /* main.m */ = {isa = PBXFileReference; lastKnownFileType = sourcecode.c.objc; path = main.m; sourceTree = "<group>"; };
		1FA76ABF195893080075A8E4 /* KLCPopupExample-Prefix.pch */ = {isa = PBXFileReference; lastKnownFileType = sourcecode.c.h; path = "KLCPopupExample-Prefix.pch"; sourceTree = "<group>"; };
		1FA76AC0195893080075A8E4 /* AppDelegate.h */ = {isa = PBXFileReference; lastKnownFileType = sourcecode.c.h; path = AppDelegate.h; sourceTree = "<group>"; };
		1FA76AC1195893080075A8E4 /* AppDelegate.m */ = {isa = PBXFileReference; lastKnownFileType = sourcecode.c.objc; path = AppDelegate.m; sourceTree = "<group>"; };
		1FA76AC9195893080075A8E4 /* ViewController.h */ = {isa = PBXFileReference; lastKnownFileType = sourcecode.c.h; path = ViewController.h; sourceTree = "<group>"; };
		1FA76ACA195893080075A8E4 /* ViewController.m */ = {isa = PBXFileReference; lastKnownFileType = sourcecode.c.objc; path = ViewController.m; sourceTree = "<group>"; };
		1FA76ACC195893080075A8E4 /* Images.xcassets */ = {isa = PBXFileReference; lastKnownFileType = folder.assetcatalog; path = Images.xcassets; sourceTree = "<group>"; };
		1FA76AD2195893080075A8E4 /* KLCPopupExampleTests.xctest */ = {isa = PBXFileReference; explicitFileType = wrapper.cfbundle; includeInIndex = 0; path = KLCPopupExampleTests.xctest; sourceTree = BUILT_PRODUCTS_DIR; };
		1FA76AD3195893080075A8E4 /* XCTest.framework */ = {isa = PBXFileReference; lastKnownFileType = wrapper.framework; name = XCTest.framework; path = Library/Frameworks/XCTest.framework; sourceTree = DEVELOPER_DIR; };
		1FA76ADB195893080075A8E4 /* KLCPopupExampleTests-Info.plist */ = {isa = PBXFileReference; lastKnownFileType = text.plist.xml; path = "KLCPopupExampleTests-Info.plist"; sourceTree = "<group>"; };
		1FA76ADD195893080075A8E4 /* en */ = {isa = PBXFileReference; lastKnownFileType = text.plist.strings; name = en; path = en.lproj/InfoPlist.strings; sourceTree = "<group>"; };
		1FA76ADF195893080075A8E4 /* KLCPopupExampleTests.m */ = {isa = PBXFileReference; lastKnownFileType = sourcecode.c.objc; path = KLCPopupExampleTests.m; sourceTree = "<group>"; };
		1FA76AEE1958A2130075A8E4 /* KLCPopup.h */ = {isa = PBXFileReference; fileEncoding = 4; lastKnownFileType = sourcecode.c.h; path = KLCPopup.h; sourceTree = "<group>"; };
		1FA76AEF1958A2130075A8E4 /* KLCPopup.m */ = {isa = PBXFileReference; fileEncoding = 4; lastKnownFileType = sourcecode.c.objc; path = KLCPopup.m; sourceTree = "<group>"; };
/* End PBXFileReference section */

/* Begin PBXFrameworksBuildPhase section */
		1FA76AAB195893080075A8E4 /* Frameworks */ = {
			isa = PBXFrameworksBuildPhase;
			buildActionMask = 2147483647;
			files = (
				1F7E1B061965CF7D00D576D8 /* QuartzCore.framework in Frameworks */,
				1FA76AB4195893080075A8E4 /* CoreGraphics.framework in Frameworks */,
				1FA76AB6195893080075A8E4 /* UIKit.framework in Frameworks */,
				1FA76AB2195893080075A8E4 /* Foundation.framework in Frameworks */,
			);
			runOnlyForDeploymentPostprocessing = 0;
		};
		1FA76ACF195893080075A8E4 /* Frameworks */ = {
			isa = PBXFrameworksBuildPhase;
			buildActionMask = 2147483647;
			files = (
				1FA76AD4195893080075A8E4 /* XCTest.framework in Frameworks */,
				1FA76AD6195893080075A8E4 /* UIKit.framework in Frameworks */,
				1FA76AD5195893080075A8E4 /* Foundation.framework in Frameworks */,
			);
			runOnlyForDeploymentPostprocessing = 0;
		};
/* End PBXFrameworksBuildPhase section */

/* Begin PBXGroup section */
		1FA76AA5195893080075A8E4 = {
			isa = PBXGroup;
			children = (
				1FA76AB7195893080075A8E4 /* KLCPopupExample */,
				1FA76AD9195893080075A8E4 /* KLCPopupExampleTests */,
				1FA76AED1958A2130075A8E4 /* KLCPopup */,
				1FA76AB0195893080075A8E4 /* Frameworks */,
				1FA76AAF195893080075A8E4 /* Products */,
			);
			sourceTree = "<group>";
		};
		1FA76AAF195893080075A8E4 /* Products */ = {
			isa = PBXGroup;
			children = (
				1FA76AAE195893080075A8E4 /* KLCPopupExample.app */,
				1FA76AD2195893080075A8E4 /* KLCPopupExampleTests.xctest */,
			);
			name = Products;
			sourceTree = "<group>";
		};
		1FA76AB0195893080075A8E4 /* Frameworks */ = {
			isa = PBXGroup;
			children = (
				1F7E1B051965CF7D00D576D8 /* QuartzCore.framework */,
				1FA76AB1195893080075A8E4 /* Foundation.framework */,
				1FA76AB3195893080075A8E4 /* CoreGraphics.framework */,
				1FA76AB5195893080075A8E4 /* UIKit.framework */,
				1FA76AD3195893080075A8E4 /* XCTest.framework */,
			);
			name = Frameworks;
			sourceTree = "<group>";
		};
		1FA76AB7195893080075A8E4 /* KLCPopupExample */ = {
			isa = PBXGroup;
			children = (
				1FA76AC0195893080075A8E4 /* AppDelegate.h */,
				1FA76AC1195893080075A8E4 /* AppDelegate.m */,
				1FA76AC9195893080075A8E4 /* ViewController.h */,
				1FA76ACA195893080075A8E4 /* ViewController.m */,
				1FA76ACC195893080075A8E4 /* Images.xcassets */,
				1FA76AB8195893080075A8E4 /* Supporting Files */,
			);
			path = KLCPopupExample;
			sourceTree = "<group>";
		};
		1FA76AB8195893080075A8E4 /* Supporting Files */ = {
			isa = PBXGroup;
			children = (
				1FA76AB9195893080075A8E4 /* KLCPopupExample-Info.plist */,
				1FA76ABA195893080075A8E4 /* InfoPlist.strings */,
				1FA76ABD195893080075A8E4 /* main.m */,
				1FA76ABF195893080075A8E4 /* KLCPopupExample-Prefix.pch */,
			);
			name = "Supporting Files";
			sourceTree = "<group>";
		};
		1FA76AD9195893080075A8E4 /* KLCPopupExampleTests */ = {
			isa = PBXGroup;
			children = (
				1FA76ADF195893080075A8E4 /* KLCPopupExampleTests.m */,
				1FA76ADA195893080075A8E4 /* Supporting Files */,
			);
			path = KLCPopupExampleTests;
			sourceTree = "<group>";
		};
		1FA76ADA195893080075A8E4 /* Supporting Files */ = {
			isa = PBXGroup;
			children = (
				1FA76ADB195893080075A8E4 /* KLCPopupExampleTests-Info.plist */,
				1FA76ADC195893080075A8E4 /* InfoPlist.strings */,
			);
			name = "Supporting Files";
			sourceTree = "<group>";
		};
		1FA76AED1958A2130075A8E4 /* KLCPopup */ = {
			isa = PBXGroup;
			children = (
				1FA76AEE1958A2130075A8E4 /* KLCPopup.h */,
				1FA76AEF1958A2130075A8E4 /* KLCPopup.m */,
			);
			name = KLCPopup;
			path = ../KLCPopup;
			sourceTree = "<group>";
		};
/* End PBXGroup section */

/* Begin PBXNativeTarget section */
		1FA76AAD195893080075A8E4 /* KLCPopupExample */ = {
			isa = PBXNativeTarget;
			buildConfigurationList = 1FA76AE3195893080075A8E4 /* Build configuration list for PBXNativeTarget "KLCPopupExample" */;
			buildPhases = (
				1FA76AAA195893080075A8E4 /* Sources */,
				1FA76AAB195893080075A8E4 /* Frameworks */,
				1FA76AAC195893080075A8E4 /* Resources */,
			);
			buildRules = (
			);
			dependencies = (
			);
			name = KLCPopupExample;
			productName = KLCPopupExample;
			productReference = 1FA76AAE195893080075A8E4 /* KLCPopupExample.app */;
			productType = "com.apple.product-type.application";
		};
		1FA76AD1195893080075A8E4 /* KLCPopupExampleTests */ = {
			isa = PBXNativeTarget;
			buildConfigurationList = 1FA76AE6195893080075A8E4 /* Build configuration list for PBXNativeTarget "KLCPopupExampleTests" */;
			buildPhases = (
				1FA76ACE195893080075A8E4 /* Sources */,
				1FA76ACF195893080075A8E4 /* Frameworks */,
				1FA76AD0195893080075A8E4 /* Resources */,
			);
			buildRules = (
			);
			dependencies = (
				1FA76AD8195893080075A8E4 /* PBXTargetDependency */,
			);
			name = KLCPopupExampleTests;
			productName = KLCPopupExampleTests;
			productReference = 1FA76AD2195893080075A8E4 /* KLCPopupExampleTests.xctest */;
			productType = "com.apple.product-type.bundle.unit-test";
		};
/* End PBXNativeTarget section */

/* Begin PBXProject section */
		1FA76AA6195893080075A8E4 /* Project object */ = {
			isa = PBXProject;
			attributes = {
				CLASSPREFIX = KLC;
				LastUpgradeCheck = 0510;
				ORGANIZATIONNAME = Kullect;
				TargetAttributes = {
					1FA76AD1195893080075A8E4 = {
						TestTargetID = 1FA76AAD195893080075A8E4;
					};
				};
			};
			buildConfigurationList = 1FA76AA9195893080075A8E4 /* Build configuration list for PBXProject "KLCPopupExample" */;
			compatibilityVersion = "Xcode 3.2";
			developmentRegion = English;
			hasScannedForEncodings = 0;
			knownRegions = (
				en,
				Base,
			);
			mainGroup = 1FA76AA5195893080075A8E4;
			productRefGroup = 1FA76AAF195893080075A8E4 /* Products */;
			projectDirPath = "";
			projectRoot = "";
			targets = (
				1FA76AAD195893080075A8E4 /* KLCPopupExample */,
				1FA76AD1195893080075A8E4 /* KLCPopupExampleTests */,
			);
		};
/* End PBXProject section */

/* Begin PBXResourcesBuildPhase section */
		1FA76AAC195893080075A8E4 /* Resources */ = {
			isa = PBXResourcesBuildPhase;
			buildActionMask = 2147483647;
			files = (
				1FA76ACD195893080075A8E4 /* Images.xcassets in Resources */,
				1FA76ABC195893080075A8E4 /* InfoPlist.strings in Resources */,
			);
			runOnlyForDeploymentPostprocessing = 0;
		};
		1FA76AD0195893080075A8E4 /* Resources */ = {
			isa = PBXResourcesBuildPhase;
			buildActionMask = 2147483647;
			files = (
				1FA76ADE195893080075A8E4 /* InfoPlist.strings in Resources */,
			);
			runOnlyForDeploymentPostprocessing = 0;
		};
/* End PBXResourcesBuildPhase section */

/* Begin PBXSourcesBuildPhase section */
		1FA76AAA195893080075A8E4 /* Sources */ = {
			isa = PBXSourcesBuildPhase;
			buildActionMask = 2147483647;
			files = (
				1FA76ACB195893080075A8E4 /* ViewController.m in Sources */,
				1FA76ABE195893080075A8E4 /* main.m in Sources */,
				1FA76AC2195893080075A8E4 /* AppDelegate.m in Sources */,
				1FA76AF01958A2130075A8E4 /* KLCPopup.m in Sources */,
			);
			runOnlyForDeploymentPostprocessing = 0;
		};
		1FA76ACE195893080075A8E4 /* Sources */ = {
			isa = PBXSourcesBuildPhase;
			buildActionMask = 2147483647;
			files = (
				1FA76AE0195893080075A8E4 /* KLCPopupExampleTests.m in Sources */,
			);
			runOnlyForDeploymentPostprocessing = 0;
		};
/* End PBXSourcesBuildPhase section */

/* Begin PBXTargetDependency section */
		1FA76AD8195893080075A8E4 /* PBXTargetDependency */ = {
			isa = PBXTargetDependency;
			target = 1FA76AAD195893080075A8E4 /* KLCPopupExample */;
			targetProxy = 1FA76AD7195893080075A8E4 /* PBXContainerItemProxy */;
		};
/* End PBXTargetDependency section */

/* Begin PBXVariantGroup section */
		1FA76ABA195893080075A8E4 /* InfoPlist.strings */ = {
			isa = PBXVariantGroup;
			children = (
				1FA76ABB195893080075A8E4 /* en */,
			);
			name = InfoPlist.strings;
			sourceTree = "<group>";
		};
		1FA76ADC195893080075A8E4 /* InfoPlist.strings */ = {
			isa = PBXVariantGroup;
			children = (
				1FA76ADD195893080075A8E4 /* en */,
			);
			name = InfoPlist.strings;
			sourceTree = "<group>";
		};
/* End PBXVariantGroup section */

/* Begin XCBuildConfiguration section */
		1FA76AE1195893080075A8E4 /* Debug */ = {
			isa = XCBuildConfiguration;
			buildSettings = {
				ALWAYS_SEARCH_USER_PATHS = NO;
				CLANG_CXX_LANGUAGE_STANDARD = "gnu++0x";
				CLANG_CXX_LIBRARY = "libc++";
				CLANG_ENABLE_MODULES = YES;
				CLANG_ENABLE_OBJC_ARC = YES;
				CLANG_WARN_BOOL_CONVERSION = YES;
				CLANG_WARN_CONSTANT_CONVERSION = YES;
				CLANG_WARN_DIRECT_OBJC_ISA_USAGE = YES_ERROR;
				CLANG_WARN_EMPTY_BODY = YES;
				CLANG_WARN_ENUM_CONVERSION = YES;
				CLANG_WARN_INT_CONVERSION = YES;
				CLANG_WARN_OBJC_ROOT_CLASS = YES_ERROR;
				CLANG_WARN__DUPLICATE_METHOD_MATCH = YES;
				"CODE_SIGN_IDENTITY[sdk=iphoneos*]" = "iPhone Developer";
				COPY_PHASE_STRIP = NO;
				GCC_C_LANGUAGE_STANDARD = gnu99;
				GCC_DYNAMIC_NO_PIC = NO;
				GCC_OPTIMIZATION_LEVEL = 0;
				GCC_PREPROCESSOR_DEFINITIONS = (
					"DEBUG=1",
					"$(inherited)",
				);
				GCC_SYMBOLS_PRIVATE_EXTERN = NO;
				GCC_WARN_64_TO_32_BIT_CONVERSION = YES;
				GCC_WARN_ABOUT_RETURN_TYPE = YES_ERROR;
				GCC_WARN_UNDECLARED_SELECTOR = YES;
				GCC_WARN_UNINITIALIZED_AUTOS = YES_AGGRESSIVE;
				GCC_WARN_UNUSED_FUNCTION = YES;
				GCC_WARN_UNUSED_VARIABLE = YES;
				IPHONEOS_DEPLOYMENT_TARGET = 7.1;
				ONLY_ACTIVE_ARCH = YES;
				SDKROOT = iphoneos;
				TARGETED_DEVICE_FAMILY = "1,2";
			};
			name = Debug;
		};
		1FA76AE2195893080075A8E4 /* Release */ = {
			isa = XCBuildConfiguration;
			buildSettings = {
				ALWAYS_SEARCH_USER_PATHS = NO;
				CLANG_CXX_LANGUAGE_STANDARD = "gnu++0x";
				CLANG_CXX_LIBRARY = "libc++";
				CLANG_ENABLE_MODULES = YES;
				CLANG_ENABLE_OBJC_ARC = YES;
				CLANG_WARN_BOOL_CONVERSION = YES;
				CLANG_WARN_CONSTANT_CONVERSION = YES;
				CLANG_WARN_DIRECT_OBJC_ISA_USAGE = YES_ERROR;
				CLANG_WARN_EMPTY_BODY = YES;
				CLANG_WARN_ENUM_CONVERSION = YES;
				CLANG_WARN_INT_CONVERSION = YES;
				CLANG_WARN_OBJC_ROOT_CLASS = YES_ERROR;
				CLANG_WARN__DUPLICATE_METHOD_MATCH = YES;
				"CODE_SIGN_IDENTITY[sdk=iphoneos*]" = "iPhone Developer";
				COPY_PHASE_STRIP = YES;
				ENABLE_NS_ASSERTIONS = NO;
				GCC_C_LANGUAGE_STANDARD = gnu99;
				GCC_WARN_64_TO_32_BIT_CONVERSION = YES;
				GCC_WARN_ABOUT_RETURN_TYPE = YES_ERROR;
				GCC_WARN_UNDECLARED_SELECTOR = YES;
				GCC_WARN_UNINITIALIZED_AUTOS = YES_AGGRESSIVE;
				GCC_WARN_UNUSED_FUNCTION = YES;
				GCC_WARN_UNUSED_VARIABLE = YES;
				IPHONEOS_DEPLOYMENT_TARGET = 7.1;
				SDKROOT = iphoneos;
				TARGETED_DEVICE_FAMILY = "1,2";
				VALIDATE_PRODUCT = YES;
			};
			name = Release;
		};
		1FA76AE4195893080075A8E4 /* Debug */ = {
			isa = XCBuildConfiguration;
			buildSettings = {
				ASSETCATALOG_COMPILER_APPICON_NAME = AppIcon;
				ASSETCATALOG_COMPILER_LAUNCHIMAGE_NAME = LaunchImage;
				GCC_PRECOMPILE_PREFIX_HEADER = YES;
				GCC_PREFIX_HEADER = "KLCPopupExample/KLCPopupExample-Prefix.pch";
				INFOPLIST_FILE = "KLCPopupExample/KLCPopupExample-Info.plist";
				IPHONEOS_DEPLOYMENT_TARGET = 7.0;
				PRODUCT_NAME = "$(TARGET_NAME)";
				WRAPPER_EXTENSION = app;
			};
			name = Debug;
		};
		1FA76AE5195893080075A8E4 /* Release */ = {
			isa = XCBuildConfiguration;
			buildSettings = {
				ASSETCATALOG_COMPILER_APPICON_NAME = AppIcon;
				ASSETCATALOG_COMPILER_LAUNCHIMAGE_NAME = LaunchImage;
				GCC_PRECOMPILE_PREFIX_HEADER = YES;
				GCC_PREFIX_HEADER = "KLCPopupExample/KLCPopupExample-Prefix.pch";
				INFOPLIST_FILE = "KLCPopupExample/KLCPopupExample-Info.plist";
				IPHONEOS_DEPLOYMENT_TARGET = 7.0;
				PRODUCT_NAME = "$(TARGET_NAME)";
				WRAPPER_EXTENSION = app;
			};
			name = Release;
		};
		1FA76AE7195893080075A8E4 /* Debug */ = {
			isa = XCBuildConfiguration;
			buildSettings = {
				BUNDLE_LOADER = "$(BUILT_PRODUCTS_DIR)/KLCPopupExample.app/KLCPopupExample";
				FRAMEWORK_SEARCH_PATHS = (
					"$(SDKROOT)/Developer/Library/Frameworks",
					"$(inherited)",
					"$(DEVELOPER_FRAMEWORKS_DIR)",
				);
				GCC_PRECOMPILE_PREFIX_HEADER = YES;
				GCC_PREFIX_HEADER = "KLCPopupExample/KLCPopupExample-Prefix.pch";
				GCC_PREPROCESSOR_DEFINITIONS = (
					"DEBUG=1",
					"$(inherited)",
				);
				INFOPLIST_FILE = "KLCPopupExampleTests/KLCPopupExampleTests-Info.plist";
				PRODUCT_NAME = "$(TARGET_NAME)";
				TEST_HOST = "$(BUNDLE_LOADER)";
				WRAPPER_EXTENSION = xctest;
			};
			name = Debug;
		};
		1FA76AE8195893080075A8E4 /* Release */ = {
			isa = XCBuildConfiguration;
			buildSettings = {
				BUNDLE_LOADER = "$(BUILT_PRODUCTS_DIR)/KLCPopupExample.app/KLCPopupExample";
				FRAMEWORK_SEARCH_PATHS = (
					"$(SDKROOT)/Developer/Library/Frameworks",
					"$(inherited)",
					"$(DEVELOPER_FRAMEWORKS_DIR)",
				);
				GCC_PRECOMPILE_PREFIX_HEADER = YES;
				GCC_PREFIX_HEADER = "KLCPopupExample/KLCPopupExample-Prefix.pch";
				INFOPLIST_FILE = "KLCPopupExampleTests/KLCPopupExampleTests-Info.plist";
				PRODUCT_NAME = "$(TARGET_NAME)";
				TEST_HOST = "$(BUNDLE_LOADER)";
				WRAPPER_EXTENSION = xctest;
			};
			name = Release;
		};
/* End XCBuildConfiguration section */

/* Begin XCConfigurationList section */
		1FA76AA9195893080075A8E4 /* Build configuration list for PBXProject "KLCPopupExample" */ = {
			isa = XCConfigurationList;
			buildConfigurations = (
				1FA76AE1195893080075A8E4 /* Debug */,
				1FA76AE2195893080075A8E4 /* Release */,
			);
			defaultConfigurationIsVisible = 0;
			defaultConfigurationName = Release;
		};
		1FA76AE3195893080075A8E4 /* Build configuration list for PBXNativeTarget "KLCPopupExample" */ = {
			isa = XCConfigurationList;
			buildConfigurations = (
				1FA76AE4195893080075A8E4 /* Debug */,
				1FA76AE5195893080075A8E4 /* Release */,
			);
			defaultConfigurationIsVisible = 0;
			defaultConfigurationName = Release;
		};
		1FA76AE6195893080075A8E4 /* Build configuration list for PBXNativeTarget "KLCPopupExampleTests" */ = {
			isa = XCConfigurationList;
			buildConfigurations = (
				1FA76AE7195893080075A8E4 /* Debug */,
				1FA76AE8195893080075A8E4 /* Release */,
			);
			defaultConfigurationIsVisible = 0;
			defaultConfigurationName = Release;
		};
/* End XCConfigurationList section */
	};
	rootObject = 1FA76AA6195893080075A8E4 /* Project object */;
}
